
Microsoft Visual Studio Solution File, Format Version 12.00
# Visual Studio 2012
Project("{D954291E-2A0B-460D-934E-DC6B0785DB48}") = "Masterpiece", "Masterpiece\Masterpiece.shproj", "{277991FB-D229-49FD-A152-CAA98B50BAE7}"
EndProject
Project("{FAE04EC0-301F-11D3-BF4B-00C04F79EFBC}") = "Masterpiece.iOS", "iOS\Masterpiece.iOS.csproj", "{9DCB66C7-EB37-4FE4-BA79-9E21D9E91DB1}"
EndProject
Project("{FAE04EC0-301F-11D3-BF4B-00C04F79EFBC}") = "Masterpiece.Droid", "Droid\Masterpiece.Droid.csproj", "{84571F92-395A-4D34-8C88-3005C7D0E254}"
EndProject
Global
	GlobalSection(SolutionConfigurationPlatforms) = preSolution
		Debug|iPhoneSimulator = Debug|iPhoneSimulator
		Release|iPhone = Release|iPhone
		Release|iPhoneSimulator = Release|iPhoneSimulator
		Debug|iPhone = Debug|iPhone
		Debug|Any CPU = Debug|Any CPU
		Release|Any CPU = Release|Any CPU
	EndGlobalSection
	GlobalSection(ProjectConfigurationPlatforms) = postSolution
		{9DCB66C7-EB37-4FE4-BA79-9E21D9E91DB1}.Debug|iPhoneSimulator.ActiveCfg = Debug|iPhoneSimulator
		{9DCB66C7-EB37-4FE4-BA79-9E21D9E91DB1}.Debug|iPhoneSimulator.Build.0 = Debug|iPhoneSimulator
		{9DCB66C7-EB37-4FE4-BA79-9E21D9E91DB1}.Release|iPhone.ActiveCfg = Release|iPhone
		{9DCB66C7-EB37-4FE4-BA79-9E21D9E91DB1}.Release|iPhone.Build.0 = Release|iPhone
		{9DCB66C7-EB37-4FE4-BA79-9E21D9E91DB1}.Release|iPhoneSimulator.ActiveCfg = Release|iPhoneSimulator
		{9DCB66C7-EB37-4FE4-BA79-9E21D9E91DB1}.Release|iPhoneSimulator.Build.0 = Release|iPhoneSimulator
		{9DCB66C7-EB37-4FE4-BA79-9E21D9E91DB1}.Debug|iPhone.ActiveCfg = Debug|iPhone
		{9DCB66C7-EB37-4FE4-BA79-9E21D9E91DB1}.Debug|iPhone.Build.0 = Debug|iPhone
		{9DCB66C7-EB37-4FE4-BA79-9E21D9E91DB1}.Debug|Any CPU.ActiveCfg = Debug|iPhoneSimulator
		{9DCB66C7-EB37-4FE4-BA79-9E21D9E91DB1}.Debug|Any CPU.Build.0 = Debug|iPhoneSimulator
		{9DCB66C7-EB37-4FE4-BA79-9E21D9E91DB1}.Release|Any CPU.ActiveCfg = Release|iPhone
		{9DCB66C7-EB37-4FE4-BA79-9E21D9E91DB1}.Release|Any CPU.Build.0 = Release|iPhone
		{84571F92-395A-4D34-8C88-3005C7D0E254}.Debug|iPhoneSimulator.ActiveCfg = Debug|Any CPU
		{84571F92-395A-4D34-8C88-3005C7D0E254}.Debug|iPhoneSimulator.Build.0 = Debug|Any CPU
		{84571F92-395A-4D34-8C88-3005C7D0E254}.Release|iPhone.ActiveCfg = Release|Any CPU
		{84571F92-395A-4D34-8C88-3005C7D0E254}.Release|iPhone.Build.0 = Release|Any CPU
		{84571F92-395A-4D34-8C88-3005C7D0E254}.Release|iPhoneSimulator.ActiveCfg = Release|Any CPU
		{84571F92-395A-4D34-8C88-3005C7D0E254}.Release|iPhoneSimulator.Build.0 = Release|Any CPU
		{84571F92-395A-4D34-8C88-3005C7D0E254}.Debug|iPhone.ActiveCfg = Debug|Any CPU
		{84571F92-395A-4D34-8C88-3005C7D0E254}.Debug|iPhone.Build.0 = Debug|Any CPU
		{84571F92-395A-4D34-8C88-3005C7D0E254}.Debug|Any CPU.ActiveCfg = Debug|Any CPU
		{84571F92-395A-4D34-8C88-3005C7D0E254}.Debug|Any CPU.Build.0 = Debug|Any CPU
		{84571F92-395A-4D34-8C88-3005C7D0E254}.Release|Any CPU.ActiveCfg = Release|Any CPU
		{84571F92-395A-4D34-8C88-3005C7D0E254}.Release|Any CPU.Build.0 = Release|Any CPU
	EndGlobalSection
EndGlobal
